// !$*UTF8*$!
{
	archiveVersion = 1;
	classes = {
	};
	objectVersion = 46;
	objects = {

/* Begin PBXBuildFile section */
		2114576A14223F590041341D /* Episode.h in Headers */ = {isa = PBXBuildFile; fileRef = 2114575A14223F580041341D /* Episode.h */; };
		2114576B14223F590041341D /* Episode.m in Sources */ = {isa = PBXBuildFile; fileRef = 2114575B14223F580041341D /* Episode.m */; };
		2114576C14223F590041341D /* Fanart.h in Headers */ = {isa = PBXBuildFile; fileRef = 2114575C14223F580041341D /* Fanart.h */; };
		2114576D14223F590041341D /* Fanart.m in Sources */ = {isa = PBXBuildFile; fileRef = 2114575D14223F580041341D /* Fanart.m */; };
		2114576E14223F590041341D /* MediaSource.h in Headers */ = {isa = PBXBuildFile; fileRef = 2114575E14223F580041341D /* MediaSource.h */; };
		2114576F14223F590041341D /* MediaSource.m in Sources */ = {isa = PBXBuildFile; fileRef = 2114575F14223F580041341D /* MediaSource.m */; };
		2114577014223F590041341D /* Movie.h in Headers */ = {isa = PBXBuildFile; fileRef = 2114576014223F580041341D /* Movie.h */; };
		2114577114223F590041341D /* Movie.m in Sources */ = {isa = PBXBuildFile; fileRef = 2114576114223F580041341D /* Movie.m */; };
		2114577214223F590041341D /* NSImage+CMSCategory.h in Headers */ = {isa = PBXBuildFile; fileRef = 2114576214223F580041341D /* NSImage+CMSCategory.h */; };
		2114577314223F590041341D /* NSImage+CMSCategory.m in Sources */ = {isa = PBXBuildFile; fileRef = 2114576314223F580041341D /* NSImage+CMSCategory.m */; };
		2114577414223F590041341D /* Person.h in Headers */ = {isa = PBXBuildFile; fileRef = 2114576414223F580041341D /* Person.h */; };
		2114577514223F590041341D /* Person.m in Sources */ = {isa = PBXBuildFile; fileRef = 2114576514223F590041341D /* Person.m */; };
		2114577614223F590041341D /* Set.h in Headers */ = {isa = PBXBuildFile; fileRef = 2114576614223F590041341D /* Set.h */; };
		2114577714223F590041341D /* Set.m in Sources */ = {isa = PBXBuildFile; fileRef = 2114576714223F590041341D /* Set.m */; };
		2114577814223F590041341D /* Thumb.h in Headers */ = {isa = PBXBuildFile; fileRef = 2114576814223F590041341D /* Thumb.h */; };
		2114577914223F590041341D /* Thumb.m in Sources */ = {isa = PBXBuildFile; fileRef = 2114576914223F590041341D /* Thumb.m */; };
		2119FAB91418FE01001AECE2 /* MediaInfo.m in Sources */ = {isa = PBXBuildFile; fileRef = 21F561CE1418D8E9005A9D01 /* MediaInfo.m */; };
		2119FABA1418FE01001AECE2 /* StructuresTest.m in Sources */ = {isa = PBXBuildFile; fileRef = 21F561F71418D910005A9D01 /* StructuresTest.m */; };
		214D38F11418F5170006489C /* Cocoa.framework in Frameworks */ = {isa = PBXBuildFile; fileRef = 21F561551418C90E005A9D01 /* Cocoa.framework */; };
		214D39081418F5830006489C /* GHUnit.framework in Frameworks */ = {isa = PBXBuildFile; fileRef = 214D39071418F5830006489C /* GHUnit.framework */; };
		214D390A1418F5B80006489C /* GHUnit.framework in Copy GHUnit Framework */ = {isa = PBXBuildFile; fileRef = 214D39071418F5830006489C /* GHUnit.framework */; };
		214D390C1418F61F0006489C /* GHUnitTestMain.m in Sources */ = {isa = PBXBuildFile; fileRef = 214D390B1418F61F0006489C /* GHUnitTestMain.m */; };
		214D39141418F75D0006489C /* InfoPlist.strings in Resources */ = {isa = PBXBuildFile; fileRef = 214D39111418F7190006489C /* InfoPlist.strings */; };
		21F561561418C90E005A9D01 /* Cocoa.framework in Frameworks */ = {isa = PBXBuildFile; fileRef = 21F561551418C90E005A9D01 /* Cocoa.framework */; };
		21F561CF1418D8E9005A9D01 /* MediaInfo.h in Headers */ = {isa = PBXBuildFile; fileRef = 21F561CD1418D8E9005A9D01 /* MediaInfo.h */; };
		21F561D01418D8E9005A9D01 /* MediaInfo.m in Sources */ = {isa = PBXBuildFile; fileRef = 21F561CE1418D8E9005A9D01 /* MediaInfo.m */; };
/* End PBXBuildFile section */

/* Begin PBXCopyFilesBuildPhase section */
		214D39091418F5B10006489C /* Copy GHUnit Framework */ = {
			isa = PBXCopyFilesBuildPhase;
			buildActionMask = 2147483647;
			dstPath = "";
			dstSubfolderSpec = 10;
			files = (
				214D390A1418F5B80006489C /* GHUnit.framework in Copy GHUnit Framework */,
			);
			name = "Copy GHUnit Framework";
			runOnlyForDeploymentPostprocessing = 0;
		};
/* End PBXCopyFilesBuildPhase section */

/* Begin PBXFileReference section */
		2114575A14223F580041341D /* Episode.h */ = {isa = PBXFileReference; fileEncoding = 4; lastKnownFileType = sourcecode.c.h; path = Episode.h; sourceTree = "<group>"; };
		2114575B14223F580041341D /* Episode.m */ = {isa = PBXFileReference; fileEncoding = 4; lastKnownFileType = sourcecode.c.objc; path = Episode.m; sourceTree = "<group>"; };
		2114575C14223F580041341D /* Fanart.h */ = {isa = PBXFileReference; fileEncoding = 4; lastKnownFileType = sourcecode.c.h; path = Fanart.h; sourceTree = "<group>"; };
		2114575D14223F580041341D /* Fanart.m */ = {isa = PBXFileReference; fileEncoding = 4; lastKnownFileType = sourcecode.c.objc; path = Fanart.m; sourceTree = "<group>"; };
		2114575E14223F580041341D /* MediaSource.h */ = {isa = PBXFileReference; fileEncoding = 4; lastKnownFileType = sourcecode.c.h; path = MediaSource.h; sourceTree = "<group>"; };
		2114575F14223F580041341D /* MediaSource.m */ = {isa = PBXFileReference; fileEncoding = 4; lastKnownFileType = sourcecode.c.objc; path = MediaSource.m; sourceTree = "<group>"; };
		2114576014223F580041341D /* Movie.h */ = {isa = PBXFileReference; fileEncoding = 4; lastKnownFileType = sourcecode.c.h; path = Movie.h; sourceTree = "<group>"; };
		2114576114223F580041341D /* Movie.m */ = {isa = PBXFileReference; fileEncoding = 4; lastKnownFileType = sourcecode.c.objc; path = Movie.m; sourceTree = "<group>"; };
		2114576214223F580041341D /* NSImage+CMSCategory.h */ = {isa = PBXFileReference; fileEncoding = 4; lastKnownFileType = sourcecode.c.h; path = "NSImage+CMSCategory.h"; sourceTree = "<group>"; };
		2114576314223F580041341D /* NSImage+CMSCategory.m */ = {isa = PBXFileReference; fileEncoding = 4; lastKnownFileType = sourcecode.c.objc; path = "NSImage+CMSCategory.m"; sourceTree = "<group>"; };
		2114576414223F580041341D /* Person.h */ = {isa = PBXFileReference; fileEncoding = 4; lastKnownFileType = sourcecode.c.h; path = Person.h; sourceTree = "<group>"; };
		2114576514223F590041341D /* Person.m */ = {isa = PBXFileReference; fileEncoding = 4; lastKnownFileType = sourcecode.c.objc; path = Person.m; sourceTree = "<group>"; };
		2114576614223F590041341D /* Set.h */ = {isa = PBXFileReference; fileEncoding = 4; lastKnownFileType = sourcecode.c.h; path = Set.h; sourceTree = "<group>"; };
		2114576714223F590041341D /* Set.m */ = {isa = PBXFileReference; fileEncoding = 4; lastKnownFileType = sourcecode.c.objc; path = Set.m; sourceTree = "<group>"; };
		2114576814223F590041341D /* Thumb.h */ = {isa = PBXFileReference; fileEncoding = 4; lastKnownFileType = sourcecode.c.h; path = Thumb.h; sourceTree = "<group>"; };
		2114576914223F590041341D /* Thumb.m */ = {isa = PBXFileReference; fileEncoding = 4; lastKnownFileType = sourcecode.c.objc; path = Thumb.m; sourceTree = "<group>"; };
		214D38EF1418F5170006489C /* CMS_Tester.app */ = {isa = PBXFileReference; explicitFileType = wrapper.application; includeInIndex = 0; path = CMS_Tester.app; sourceTree = BUILT_PRODUCTS_DIR; };
		214D39071418F5830006489C /* GHUnit.framework */ = {isa = PBXFileReference; lastKnownFileType = wrapper.framework; path = GHUnit.framework; sourceTree = "<group>"; };
		214D390B1418F61F0006489C /* GHUnitTestMain.m */ = {isa = PBXFileReference; fileEncoding = 4; lastKnownFileType = sourcecode.c.objc; path = GHUnitTestMain.m; sourceTree = "<group>"; };
		214D390D1418F6F90006489C /* CMS_Tester-Info.plist */ = {isa = PBXFileReference; fileEncoding = 4; lastKnownFileType = text.plist.xml; path = "CMS_Tester-Info.plist"; sourceTree = "<group>"; };
		214D390E1418F6F90006489C /* CMS_Tester-Prefix.pch */ = {isa = PBXFileReference; fileEncoding = 4; lastKnownFileType = sourcecode.c.h; path = "CMS_Tester-Prefix.pch"; sourceTree = "<group>"; };
		214D39121418F7190006489C /* en */ = {isa = PBXFileReference; lastKnownFileType = text.plist.strings; name = en; path = en.lproj/InfoPlist.strings; sourceTree = "<group>"; };
		21F561521418C90E005A9D01 /* CMS.dylib */ = {isa = PBXFileReference; explicitFileType = "compiled.mach-o.dylib"; includeInIndex = 0; path = CMS.dylib; sourceTree = BUILT_PRODUCTS_DIR; };
		21F561551418C90E005A9D01 /* Cocoa.framework */ = {isa = PBXFileReference; lastKnownFileType = wrapper.framework; name = Cocoa.framework; path = System/Library/Frameworks/Cocoa.framework; sourceTree = SDKROOT; };
		21F561581418C90E005A9D01 /* AppKit.framework */ = {isa = PBXFileReference; lastKnownFileType = wrapper.framework; name = AppKit.framework; path = System/Library/Frameworks/AppKit.framework; sourceTree = SDKROOT; };
		21F561591418C90E005A9D01 /* CoreData.framework */ = {isa = PBXFileReference; lastKnownFileType = wrapper.framework; name = CoreData.framework; path = System/Library/Frameworks/CoreData.framework; sourceTree = SDKROOT; };
		21F5615A1418C90E005A9D01 /* Foundation.framework */ = {isa = PBXFileReference; lastKnownFileType = wrapper.framework; name = Foundation.framework; path = System/Library/Frameworks/Foundation.framework; sourceTree = SDKROOT; };
		21F5615D1418C90E005A9D01 /* CMS-Prefix.pch */ = {isa = PBXFileReference; lastKnownFileType = sourcecode.c.h; path = "CMS-Prefix.pch"; sourceTree = "<group>"; };
		21F561CD1418D8E9005A9D01 /* MediaInfo.h */ = {isa = PBXFileReference; fileEncoding = 4; lastKnownFileType = sourcecode.c.h; path = MediaInfo.h; sourceTree = "<group>"; };
		21F561CE1418D8E9005A9D01 /* MediaInfo.m */ = {isa = PBXFileReference; fileEncoding = 4; lastKnownFileType = sourcecode.c.objc; path = MediaInfo.m; sourceTree = "<group>"; };
		21F561F71418D910005A9D01 /* StructuresTest.m */ = {isa = PBXFileReference; fileEncoding = 4; lastKnownFileType = sourcecode.c.objc; path = StructuresTest.m; sourceTree = "<group>"; };
/* End PBXFileReference section */

/* Begin PBXFrameworksBuildPhase section */
		214D38EC1418F5170006489C /* Frameworks */ = {
			isa = PBXFrameworksBuildPhase;
			buildActionMask = 2147483647;
			files = (
				214D38F11418F5170006489C /* Cocoa.framework in Frameworks */,
				214D39081418F5830006489C /* GHUnit.framework in Frameworks */,
			);
			runOnlyForDeploymentPostprocessing = 0;
		};
		21F5614F1418C90E005A9D01 /* Frameworks */ = {
			isa = PBXFrameworksBuildPhase;
			buildActionMask = 2147483647;
			files = (
				21F561561418C90E005A9D01 /* Cocoa.framework in Frameworks */,
			);
			runOnlyForDeploymentPostprocessing = 0;
		};
/* End PBXFrameworksBuildPhase section */

/* Begin PBXGroup section */
		21F561471418C90E005A9D01 = {
			isa = PBXGroup;
			children = (
				21F5615B1418C90E005A9D01 /* CMS */,
				21F5616D1418C90E005A9D01 /* CMSTests */,
				21F561541418C90E005A9D01 /* Frameworks */,
				21F561531418C90E005A9D01 /* Products */,
			);
			sourceTree = "<group>";
		};
		21F561531418C90E005A9D01 /* Products */ = {
			isa = PBXGroup;
			children = (
				21F561521418C90E005A9D01 /* CMS.dylib */,
				214D38EF1418F5170006489C /* CMS_Tester.app */,
			);
			name = Products;
			sourceTree = "<group>";
		};
		21F561541418C90E005A9D01 /* Frameworks */ = {
			isa = PBXGroup;
			children = (
				214D39071418F5830006489C /* GHUnit.framework */,
				21F561551418C90E005A9D01 /* Cocoa.framework */,
				21F561571418C90E005A9D01 /* Other Frameworks */,
			);
			name = Frameworks;
			sourceTree = "<group>";
		};
		21F561571418C90E005A9D01 /* Other Frameworks */ = {
			isa = PBXGroup;
			children = (
				21F561581418C90E005A9D01 /* AppKit.framework */,
				21F561591418C90E005A9D01 /* CoreData.framework */,
				21F5615A1418C90E005A9D01 /* Foundation.framework */,
			);
			name = "Other Frameworks";
			sourceTree = "<group>";
		};
		21F5615B1418C90E005A9D01 /* CMS */ = {
			isa = PBXGroup;
			children = (
				21F561D21418D8F4005A9D01 /* Structures */,
				21F561CC1418D8E9005A9D01 /* MediaInfo */,
				21F5615C1418C90E005A9D01 /* Supporting Files */,
			);
			path = CMS;
			sourceTree = "<group>";
		};
		21F5615C1418C90E005A9D01 /* Supporting Files */ = {
			isa = PBXGroup;
			children = (
				21F5615D1418C90E005A9D01 /* CMS-Prefix.pch */,
			);
			name = "Supporting Files";
			sourceTree = "<group>";
		};
		21F5616D1418C90E005A9D01 /* CMSTests */ = {
			isa = PBXGroup;
			children = (
				214D390B1418F61F0006489C /* GHUnitTestMain.m */,
				21F561F71418D910005A9D01 /* StructuresTest.m */,
				21F5616E1418C90E005A9D01 /* Supporting Files */,
			);
			path = CMSTests;
			sourceTree = "<group>";
		};
		21F5616E1418C90E005A9D01 /* Supporting Files */ = {
			isa = PBXGroup;
			children = (
				214D39111418F7190006489C /* InfoPlist.strings */,
				214D390D1418F6F90006489C /* CMS_Tester-Info.plist */,
				214D390E1418F6F90006489C /* CMS_Tester-Prefix.pch */,
			);
			name = "Supporting Files";
			sourceTree = "<group>";
		};
		21F561CC1418D8E9005A9D01 /* MediaInfo */ = {
			isa = PBXGroup;
			children = (
				21F561CD1418D8E9005A9D01 /* MediaInfo.h */,
				21F561CE1418D8E9005A9D01 /* MediaInfo.m */,
			);
			path = MediaInfo;
			sourceTree = "<group>";
		};
		21F561D21418D8F4005A9D01 /* Structures */ = {
			isa = PBXGroup;
			children = (
				2114575A14223F580041341D /* Episode.h */,
				2114575B14223F580041341D /* Episode.m */,
				2114575C14223F580041341D /* Fanart.h */,
				2114575D14223F580041341D /* Fanart.m */,
				2114575E14223F580041341D /* MediaSource.h */,
				2114575F14223F580041341D /* MediaSource.m */,
				2114576014223F580041341D /* Movie.h */,
				2114576114223F580041341D /* Movie.m */,
				2114576214223F580041341D /* NSImage+CMSCategory.h */,
				2114576314223F580041341D /* NSImage+CMSCategory.m */,
				2114576414223F580041341D /* Person.h */,
				2114576514223F590041341D /* Person.m */,
				2114576614223F590041341D /* Set.h */,
				2114576714223F590041341D /* Set.m */,
				2114576814223F590041341D /* Thumb.h */,
				2114576914223F590041341D /* Thumb.m */,
			);
			path = Structures;
			sourceTree = "<group>";
		};
/* End PBXGroup section */

/* Begin PBXHeadersBuildPhase section */
		21F561501418C90E005A9D01 /* Headers */ = {
			isa = PBXHeadersBuildPhase;
			buildActionMask = 2147483647;
			files = (
				21F561CF1418D8E9005A9D01 /* MediaInfo.h in Headers */,
				2114576A14223F590041341D /* Episode.h in Headers */,
				2114576C14223F590041341D /* Fanart.h in Headers */,
				2114576E14223F590041341D /* MediaSource.h in Headers */,
				2114577014223F590041341D /* Movie.h in Headers */,
				2114577214223F590041341D /* NSImage+CMSCategory.h in Headers */,
				2114577414223F590041341D /* Person.h in Headers */,
				2114577614223F590041341D /* Set.h in Headers */,
				2114577814223F590041341D /* Thumb.h in Headers */,
			);
			runOnlyForDeploymentPostprocessing = 0;
		};
/* End PBXHeadersBuildPhase section */

/* Begin PBXNativeTarget section */
		214D38EE1418F5170006489C /* CMS_Tester */ = {
			isa = PBXNativeTarget;
			buildConfigurationList = 214D39041418F5170006489C /* Build configuration list for PBXNativeTarget "CMS_Tester" */;
			buildPhases = (
				214D39091418F5B10006489C /* Copy GHUnit Framework */,
				214D38EB1418F5170006489C /* Sources */,
				214D38EC1418F5170006489C /* Frameworks */,
				214D38ED1418F5170006489C /* Resources */,
			);
			buildRules = (
			);
			dependencies = (
			);
			name = CMS_Tester;
			productName = CMS_Tester;
			productReference = 214D38EF1418F5170006489C /* CMS_Tester.app */;
			productType = "com.apple.product-type.application";
		};
		21F561511418C90E005A9D01 /* CMS */ = {
			isa = PBXNativeTarget;
			buildConfigurationList = 21F561791418C90E005A9D01 /* Build configuration list for PBXNativeTarget "CMS" */;
			buildPhases = (
				21F5614E1418C90E005A9D01 /* Sources */,
				21F5614F1418C90E005A9D01 /* Frameworks */,
				21F561501418C90E005A9D01 /* Headers */,
			);
			buildRules = (
			);
			dependencies = (
			);
			name = CMS;
			productName = CMS;
			productReference = 21F561521418C90E005A9D01 /* CMS.dylib */;
			productType = "com.apple.product-type.library.dynamic";
		};
/* End PBXNativeTarget section */

/* Begin PBXProject section */
		21F561491418C90E005A9D01 /* Project object */ = {
			isa = PBXProject;
			buildConfigurationList = 21F5614C1418C90E005A9D01 /* Build configuration list for PBXProject "CMS" */;
			compatibilityVersion = "Xcode 3.2";
			developmentRegion = English;
			hasScannedForEncodings = 0;
			knownRegions = (
				en,
			);
			mainGroup = 21F561471418C90E005A9D01;
			productRefGroup = 21F561531418C90E005A9D01 /* Products */;
			projectDirPath = "";
			projectRoot = "";
			targets = (
				21F561511418C90E005A9D01 /* CMS */,
				214D38EE1418F5170006489C /* CMS_Tester */,
			);
		};
/* End PBXProject section */

/* Begin PBXResourcesBuildPhase section */
		214D38ED1418F5170006489C /* Resources */ = {
			isa = PBXResourcesBuildPhase;
			buildActionMask = 2147483647;
			files = (
				214D39141418F75D0006489C /* InfoPlist.strings in Resources */,
			);
			runOnlyForDeploymentPostprocessing = 0;
		};
/* End PBXResourcesBuildPhase section */

/* Begin PBXSourcesBuildPhase section */
		214D38EB1418F5170006489C /* Sources */ = {
			isa = PBXSourcesBuildPhase;
			buildActionMask = 2147483647;
			files = (
				2119FAB91418FE01001AECE2 /* MediaInfo.m in Sources */,
				2119FABA1418FE01001AECE2 /* StructuresTest.m in Sources */,
				214D390C1418F61F0006489C /* GHUnitTestMain.m in Sources */,
			);
			runOnlyForDeploymentPostprocessing = 0;
		};
		21F5614E1418C90E005A9D01 /* Sources */ = {
			isa = PBXSourcesBuildPhase;
			buildActionMask = 2147483647;
			files = (
				21F561D01418D8E9005A9D01 /* MediaInfo.m in Sources */,
				2114576B14223F590041341D /* Episode.m in Sources */,
				2114576D14223F590041341D /* Fanart.m in Sources */,
				2114576F14223F590041341D /* MediaSource.m in Sources */,
				2114577114223F590041341D /* Movie.m in Sources */,
				2114577314223F590041341D /* NSImage+CMSCategory.m in Sources */,
				2114577514223F590041341D /* Person.m in Sources */,
				2114577714223F590041341D /* Set.m in Sources */,
				2114577914223F590041341D /* Thumb.m in Sources */,
			);
			runOnlyForDeploymentPostprocessing = 0;
		};
/* End PBXSourcesBuildPhase section */

/* Begin PBXVariantGroup section */
		214D39111418F7190006489C /* InfoPlist.strings */ = {
			isa = PBXVariantGroup;
			children = (
				214D39121418F7190006489C /* en */,
			);
			name = InfoPlist.strings;
			sourceTree = "<group>";
		};
/* End PBXVariantGroup section */

/* Begin XCBuildConfiguration section */
		214D39051418F5170006489C /* Debug */ = {
			isa = XCBuildConfiguration;
			buildSettings = {
				FRAMEWORK_SEARCH_PATHS = (
					"$(inherited)",
					"\"$(SRCROOT)\"",
				);
				GCC_PRECOMPILE_PREFIX_HEADER = YES;
				GCC_PREFIX_HEADER = "CMSTests/CMS_Tester-Prefix.pch";
				INFOPLIST_FILE = "CMSTests/CMS_Tester-Info.plist";
				LD_RUNPATH_SEARCH_PATHS = "@executable_path/../Frameworks";
				PRODUCT_NAME = "$(TARGET_NAME)";
				WRAPPER_EXTENSION = app;
			};
			name = Debug;
		};
		214D39061418F5170006489C /* Release */ = {
			isa = XCBuildConfiguration;
			buildSettings = {
				FRAMEWORK_SEARCH_PATHS = (
					"$(inherited)",
					"\"$(SRCROOT)\"",
				);
				GCC_PRECOMPILE_PREFIX_HEADER = YES;
				GCC_PREFIX_HEADER = "CMSTests/CMS_Tester-Prefix.pch";
				INFOPLIST_FILE = "CMSTests/CMS_Tester-Info.plist";
				LD_RUNPATH_SEARCH_PATHS = "@executable_path/../Frameworks";
				PRODUCT_NAME = "$(TARGET_NAME)";
				WRAPPER_EXTENSION = app;
			};
			name = Release;
		};
		21F561771418C90E005A9D01 /* Debug */ = {
			isa = XCBuildConfiguration;
			buildSettings = {
				ALWAYS_SEARCH_USER_PATHS = NO;
				ARCHS = "$(ARCHS_STANDARD_64_BIT)";
				COPY_PHASE_STRIP = NO;
				GCC_C_LANGUAGE_STANDARD = gnu99;
				GCC_DYNAMIC_NO_PIC = NO;
				GCC_ENABLE_OBJC_EXCEPTIONS = YES;
				GCC_OPTIMIZATION_LEVEL = 0;
				GCC_PREPROCESSOR_DEFINITIONS = (
					"DEBUG=1",
					"$(inherited)",
				);
				GCC_SYMBOLS_PRIVATE_EXTERN = NO;
				GCC_VERSION = com.apple.compilers.llvm.clang.1_0;
				GCC_WARN_64_TO_32_BIT_CONVERSION = YES;
				GCC_WARN_ABOUT_MISSING_PROTOTYPES = YES;
				GCC_WARN_ABOUT_RETURN_TYPE = YES;
				GCC_WARN_UNUSED_VARIABLE = YES;
				MACOSX_DEPLOYMENT_TARGET = 10.7;
				ONLY_ACTIVE_ARCH = YES;
				SDKROOT = macosx;
			};
			name = Debug;
		};
		21F561781418C90E005A9D01 /* Release */ = {
			isa = XCBuildConfiguration;
			buildSettings = {
				ALWAYS_SEARCH_USER_PATHS = NO;
				ARCHS = "$(ARCHS_STANDARD_64_BIT)";
				COPY_PHASE_STRIP = YES;
				DEBUG_INFORMATION_FORMAT = "dwarf-with-dsym";
				GCC_C_LANGUAGE_STANDARD = gnu99;
				GCC_ENABLE_OBJC_EXCEPTIONS = YES;
				GCC_VERSION = com.apple.compilers.llvm.clang.1_0;
				GCC_WARN_64_TO_32_BIT_CONVERSION = YES;
				GCC_WARN_ABOUT_MISSING_PROTOTYPES = YES;
				GCC_WARN_ABOUT_RETURN_TYPE = YES;
				GCC_WARN_UNUSED_VARIABLE = YES;
				MACOSX_DEPLOYMENT_TARGET = 10.7;
				SDKROOT = macosx;
			};
			name = Release;
		};
		21F5617A1418C90E005A9D01 /* Debug */ = {
			isa = XCBuildConfiguration;
			buildSettings = {
				DYLIB_COMPATIBILITY_VERSION = 1;
				DYLIB_CURRENT_VERSION = 1;
				GCC_PRECOMPILE_PREFIX_HEADER = YES;
				GCC_PREFIX_HEADER = "CMS/CMS-Prefix.pch";
				PRODUCT_NAME = "$(TARGET_NAME)";
			};
			name = Debug;
		};
		21F5617B1418C90E005A9D01 /* Release */ = {
			isa = XCBuildConfiguration;
			buildSettings = {
				DYLIB_COMPATIBILITY_VERSION = 1;
				DYLIB_CURRENT_VERSION = 1;
				GCC_PRECOMPILE_PREFIX_HEADER = YES;
				GCC_PREFIX_HEADER = "CMS/CMS-Prefix.pch";
				PRODUCT_NAME = "$(TARGET_NAME)";
			};
			name = Release;
		};
/* End XCBuildConfiguration section */

/* Begin XCConfigurationList section */
		214D39041418F5170006489C /* Build configuration list for PBXNativeTarget "CMS_Tester" */ = {
			isa = XCConfigurationList;
			buildConfigurations = (
				214D39051418F5170006489C /* Debug */,
				214D39061418F5170006489C /* Release */,
			);
			defaultConfigurationIsVisible = 0;
			defaultConfigurationName = Release;
		};
		21F5614C1418C90E005A9D01 /* Build configuration list for PBXProject "CMS" */ = {
			isa = XCConfigurationList;
			buildConfigurations = (
				21F561771418C90E005A9D01 /* Debug */,
				21F561781418C90E005A9D01 /* Release */,
			);
			defaultConfigurationIsVisible = 0;
			defaultConfigurationName = Release;
		};
		21F561791418C90E005A9D01 /* Build configuration list for PBXNativeTarget "CMS" */ = {
			isa = XCConfigurationList;
			buildConfigurations = (
				21F5617A1418C90E005A9D01 /* Debug */,
				21F5617B1418C90E005A9D01 /* Release */,
			);
			defaultConfigurationIsVisible = 0;
			defaultConfigurationName = Release;
		};
/* End XCConfigurationList section */
	};
	rootObject = 21F561491418C90E005A9D01 /* Project object */;
}
