// !$*UTF8*$!
{
	archiveVersion = 1;
	classes = {
	};
	objectVersion = 46;
	objects = {

/* Begin PBXBuildFile section */
		21F561561418C90E005A9D01 /* Cocoa.framework in Frameworks */ = {isa = PBXBuildFile; fileRef = 21F561551418C90E005A9D01 /* Cocoa.framework */; };
		21F561601418C90E005A9D01 /* CMS.m in Sources */ = {isa = PBXBuildFile; fileRef = 21F5615F1418C90E005A9D01 /* CMS.m */; };
		21F561681418C90E005A9D01 /* SenTestingKit.framework in Frameworks */ = {isa = PBXBuildFile; fileRef = 21F561671418C90E005A9D01 /* SenTestingKit.framework */; };
		21F561691418C90E005A9D01 /* Cocoa.framework in Frameworks */ = {isa = PBXBuildFile; fileRef = 21F561551418C90E005A9D01 /* Cocoa.framework */; };
		21F5616C1418C90E005A9D01 /* CMS.dylib in Frameworks */ = {isa = PBXBuildFile; fileRef = 21F561521418C90E005A9D01 /* CMS.dylib */; };
		21F561721418C90E005A9D01 /* InfoPlist.strings in Resources */ = {isa = PBXBuildFile; fileRef = 21F561701418C90E005A9D01 /* InfoPlist.strings */; };
		21F561741418C90E005A9D01 /* CMSTests.h in Resources */ = {isa = PBXBuildFile; fileRef = 21F561731418C90E005A9D01 /* CMSTests.h */; };
		21F561761418C90E005A9D01 /* CMSTests.m in Sources */ = {isa = PBXBuildFile; fileRef = 21F561751418C90E005A9D01 /* CMSTests.m */; };
/* End PBXBuildFile section */

/* Begin PBXContainerItemProxy section */
		21F5616A1418C90E005A9D01 /* PBXContainerItemProxy */ = {
			isa = PBXContainerItemProxy;
			containerPortal = 21F561491418C90E005A9D01 /* Project object */;
			proxyType = 1;
			remoteGlobalIDString = 21F561511418C90E005A9D01;
			remoteInfo = CMS;
		};
/* End PBXContainerItemProxy section */

/* Begin PBXFileReference section */
		21F561521418C90E005A9D01 /* CMS.dylib */ = {isa = PBXFileReference; explicitFileType = "compiled.mach-o.dylib"; includeInIndex = 0; path = CMS.dylib; sourceTree = BUILT_PRODUCTS_DIR; };
		21F561551418C90E005A9D01 /* Cocoa.framework */ = {isa = PBXFileReference; lastKnownFileType = wrapper.framework; name = Cocoa.framework; path = System/Library/Frameworks/Cocoa.framework; sourceTree = SDKROOT; };
		21F561581418C90E005A9D01 /* AppKit.framework */ = {isa = PBXFileReference; lastKnownFileType = wrapper.framework; name = AppKit.framework; path = System/Library/Frameworks/AppKit.framework; sourceTree = SDKROOT; };
		21F561591418C90E005A9D01 /* CoreData.framework */ = {isa = PBXFileReference; lastKnownFileType = wrapper.framework; name = CoreData.framework; path = System/Library/Frameworks/CoreData.framework; sourceTree = SDKROOT; };
		21F5615A1418C90E005A9D01 /* Foundation.framework */ = {isa = PBXFileReference; lastKnownFileType = wrapper.framework; name = Foundation.framework; path = System/Library/Frameworks/Foundation.framework; sourceTree = SDKROOT; };
		21F5615D1418C90E005A9D01 /* CMS-Prefix.pch */ = {isa = PBXFileReference; lastKnownFileType = sourcecode.c.h; path = "CMS-Prefix.pch"; sourceTree = "<group>"; };
		21F5615E1418C90E005A9D01 /* CMS.h */ = {isa = PBXFileReference; lastKnownFileType = sourcecode.c.h; path = CMS.h; sourceTree = "<group>"; };
		21F5615F1418C90E005A9D01 /* CMS.m */ = {isa = PBXFileReference; lastKnownFileType = sourcecode.c.objc; path = CMS.m; sourceTree = "<group>"; };
		21F561661418C90E005A9D01 /* CMSTests.octest */ = {isa = PBXFileReference; explicitFileType = wrapper.cfbundle; includeInIndex = 0; path = CMSTests.octest; sourceTree = BUILT_PRODUCTS_DIR; };
		21F561671418C90E005A9D01 /* SenTestingKit.framework */ = {isa = PBXFileReference; lastKnownFileType = wrapper.framework; name = SenTestingKit.framework; path = Library/Frameworks/SenTestingKit.framework; sourceTree = DEVELOPER_DIR; };
		21F5616F1418C90E005A9D01 /* CMSTests-Info.plist */ = {isa = PBXFileReference; lastKnownFileType = text.plist.xml; path = "CMSTests-Info.plist"; sourceTree = "<group>"; };
		21F561711418C90E005A9D01 /* en */ = {isa = PBXFileReference; lastKnownFileType = text.plist.strings; name = en; path = en.lproj/InfoPlist.strings; sourceTree = "<group>"; };
		21F561731418C90E005A9D01 /* CMSTests.h */ = {isa = PBXFileReference; lastKnownFileType = sourcecode.c.h; path = CMSTests.h; sourceTree = "<group>"; };
		21F561751418C90E005A9D01 /* CMSTests.m */ = {isa = PBXFileReference; lastKnownFileType = sourcecode.c.objc; path = CMSTests.m; sourceTree = "<group>"; };
/* End PBXFileReference section */

/* Begin PBXFrameworksBuildPhase section */
		21F5614F1418C90E005A9D01 /* Frameworks */ = {
			isa = PBXFrameworksBuildPhase;
			buildActionMask = 2147483647;
			files = (
				21F561561418C90E005A9D01 /* Cocoa.framework in Frameworks */,
			);
			runOnlyForDeploymentPostprocessing = 0;
		};
		21F561621418C90E005A9D01 /* Frameworks */ = {
			isa = PBXFrameworksBuildPhase;
			buildActionMask = 2147483647;
			files = (
				21F561681418C90E005A9D01 /* SenTestingKit.framework in Frameworks */,
				21F561691418C90E005A9D01 /* Cocoa.framework in Frameworks */,
				21F5616C1418C90E005A9D01 /* CMS.dylib in Frameworks */,
			);
			runOnlyForDeploymentPostprocessing = 0;
		};
/* End PBXFrameworksBuildPhase section */

/* Begin PBXGroup section */
		21F561471418C90E005A9D01 = {
			isa = PBXGroup;
			children = (
				21F5615B1418C90E005A9D01 /* CMS */,
				21F5616D1418C90E005A9D01 /* CMSTests */,
				21F561541418C90E005A9D01 /* Frameworks */,
				21F561531418C90E005A9D01 /* Products */,
			);
			sourceTree = "<group>";
		};
		21F561531418C90E005A9D01 /* Products */ = {
			isa = PBXGroup;
			children = (
				21F561521418C90E005A9D01 /* CMS.dylib */,
				21F561661418C90E005A9D01 /* CMSTests.octest */,
			);
			name = Products;
			sourceTree = "<group>";
		};
		21F561541418C90E005A9D01 /* Frameworks */ = {
			isa = PBXGroup;
			children = (
				21F561551418C90E005A9D01 /* Cocoa.framework */,
				21F561671418C90E005A9D01 /* SenTestingKit.framework */,
				21F561571418C90E005A9D01 /* Other Frameworks */,
			);
			name = Frameworks;
			sourceTree = "<group>";
		};
		21F561571418C90E005A9D01 /* Other Frameworks */ = {
			isa = PBXGroup;
			children = (
				21F561581418C90E005A9D01 /* AppKit.framework */,
				21F561591418C90E005A9D01 /* CoreData.framework */,
				21F5615A1418C90E005A9D01 /* Foundation.framework */,
			);
			name = "Other Frameworks";
			sourceTree = "<group>";
		};
		21F5615B1418C90E005A9D01 /* CMS */ = {
			isa = PBXGroup;
			children = (
				21F5615E1418C90E005A9D01 /* CMS.h */,
				21F5615F1418C90E005A9D01 /* CMS.m */,
				21F5615C1418C90E005A9D01 /* Supporting Files */,
			);
			path = CMS;
			sourceTree = "<group>";
		};
		21F5615C1418C90E005A9D01 /* Supporting Files */ = {
			isa = PBXGroup;
			children = (
				21F5615D1418C90E005A9D01 /* CMS-Prefix.pch */,
			);
			name = "Supporting Files";
			sourceTree = "<group>";
		};
		21F5616D1418C90E005A9D01 /* CMSTests */ = {
			isa = PBXGroup;
			children = (
				21F561731418C90E005A9D01 /* CMSTests.h */,
				21F561751418C90E005A9D01 /* CMSTests.m */,
				21F5616E1418C90E005A9D01 /* Supporting Files */,
			);
			path = CMSTests;
			sourceTree = "<group>";
		};
		21F5616E1418C90E005A9D01 /* Supporting Files */ = {
			isa = PBXGroup;
			children = (
				21F5616F1418C90E005A9D01 /* CMSTests-Info.plist */,
				21F561701418C90E005A9D01 /* InfoPlist.strings */,
			);
			name = "Supporting Files";
			sourceTree = "<group>";
		};
/* End PBXGroup section */

/* Begin PBXHeadersBuildPhase section */
		21F561501418C90E005A9D01 /* Headers */ = {
			isa = PBXHeadersBuildPhase;
			buildActionMask = 2147483647;
			files = (
			);
			runOnlyForDeploymentPostprocessing = 0;
		};
/* End PBXHeadersBuildPhase section */

/* Begin PBXNativeTarget section */
		21F561511418C90E005A9D01 /* CMS */ = {
			isa = PBXNativeTarget;
			buildConfigurationList = 21F561791418C90E005A9D01 /* Build configuration list for PBXNativeTarget "CMS" */;
			buildPhases = (
				21F5614E1418C90E005A9D01 /* Sources */,
				21F5614F1418C90E005A9D01 /* Frameworks */,
				21F561501418C90E005A9D01 /* Headers */,
			);
			buildRules = (
			);
			dependencies = (
			);
			name = CMS;
			productName = CMS;
			productReference = 21F561521418C90E005A9D01 /* CMS.dylib */;
			productType = "com.apple.product-type.library.dynamic";
		};
		21F561651418C90E005A9D01 /* CMSTests */ = {
			isa = PBXNativeTarget;
			buildConfigurationList = 21F5617C1418C90E005A9D01 /* Build configuration list for PBXNativeTarget "CMSTests" */;
			buildPhases = (
				21F561611418C90E005A9D01 /* Sources */,
				21F561621418C90E005A9D01 /* Frameworks */,
				21F561631418C90E005A9D01 /* Resources */,
				21F561641418C90E005A9D01 /* ShellScript */,
			);
			buildRules = (
			);
			dependencies = (
				21F5616B1418C90E005A9D01 /* PBXTargetDependency */,
			);
			name = CMSTests;
			productName = CMSTests;
			productReference = 21F561661418C90E005A9D01 /* CMSTests.octest */;
			productType = "com.apple.product-type.bundle";
		};
/* End PBXNativeTarget section */

/* Begin PBXProject section */
		21F561491418C90E005A9D01 /* Project object */ = {
			isa = PBXProject;
			buildConfigurationList = 21F5614C1418C90E005A9D01 /* Build configuration list for PBXProject "CMS" */;
			compatibilityVersion = "Xcode 3.2";
			developmentRegion = English;
			hasScannedForEncodings = 0;
			knownRegions = (
				en,
			);
			mainGroup = 21F561471418C90E005A9D01;
			productRefGroup = 21F561531418C90E005A9D01 /* Products */;
			projectDirPath = "";
			projectRoot = "";
			targets = (
				21F561511418C90E005A9D01 /* CMS */,
				21F561651418C90E005A9D01 /* CMSTests */,
			);
		};
/* End PBXProject section */

/* Begin PBXResourcesBuildPhase section */
		21F561631418C90E005A9D01 /* Resources */ = {
			isa = PBXResourcesBuildPhase;
			buildActionMask = 2147483647;
			files = (
				21F561721418C90E005A9D01 /* InfoPlist.strings in Resources */,
				21F561741418C90E005A9D01 /* CMSTests.h in Resources */,
			);
			runOnlyForDeploymentPostprocessing = 0;
		};
/* End PBXResourcesBuildPhase section */

/* Begin PBXShellScriptBuildPhase section */
		21F561641418C90E005A9D01 /* ShellScript */ = {
			isa = PBXShellScriptBuildPhase;
			buildActionMask = 2147483647;
			files = (
			);
			inputPaths = (
			);
			outputPaths = (
			);
			runOnlyForDeploymentPostprocessing = 0;
			shellPath = /bin/sh;
			shellScript = "# Run the unit tests in this test bundle.\n\"${SYSTEM_DEVELOPER_DIR}/Tools/RunUnitTests\"\n";
		};
/* End PBXShellScriptBuildPhase section */

/* Begin PBXSourcesBuildPhase section */
		21F5614E1418C90E005A9D01 /* Sources */ = {
			isa = PBXSourcesBuildPhase;
			buildActionMask = 2147483647;
			files = (
				21F561601418C90E005A9D01 /* CMS.m in Sources */,
			);
			runOnlyForDeploymentPostprocessing = 0;
		};
		21F561611418C90E005A9D01 /* Sources */ = {
			isa = PBXSourcesBuildPhase;
			buildActionMask = 2147483647;
			files = (
				21F561761418C90E005A9D01 /* CMSTests.m in Sources */,
			);
			runOnlyForDeploymentPostprocessing = 0;
		};
/* End PBXSourcesBuildPhase section */

/* Begin PBXTargetDependency section */
		21F5616B1418C90E005A9D01 /* PBXTargetDependency */ = {
			isa = PBXTargetDependency;
			target = 21F561511418C90E005A9D01 /* CMS */;
			targetProxy = 21F5616A1418C90E005A9D01 /* PBXContainerItemProxy */;
		};
/* End PBXTargetDependency section */

/* Begin PBXVariantGroup section */
		21F561701418C90E005A9D01 /* InfoPlist.strings */ = {
			isa = PBXVariantGroup;
			children = (
				21F561711418C90E005A9D01 /* en */,
			);
			name = InfoPlist.strings;
			sourceTree = "<group>";
		};
/* End PBXVariantGroup section */

/* Begin XCBuildConfiguration section */
		21F561771418C90E005A9D01 /* Debug */ = {
			isa = XCBuildConfiguration;
			buildSettings = {
				ALWAYS_SEARCH_USER_PATHS = NO;
				ARCHS = "$(ARCHS_STANDARD_64_BIT)";
				COPY_PHASE_STRIP = NO;
				GCC_C_LANGUAGE_STANDARD = gnu99;
				GCC_DYNAMIC_NO_PIC = NO;
				GCC_ENABLE_OBJC_EXCEPTIONS = YES;
				GCC_OPTIMIZATION_LEVEL = 0;
				GCC_PREPROCESSOR_DEFINITIONS = (
					"DEBUG=1",
					"$(inherited)",
				);
				GCC_SYMBOLS_PRIVATE_EXTERN = NO;
				GCC_VERSION = com.apple.compilers.llvm.clang.1_0;
				GCC_WARN_64_TO_32_BIT_CONVERSION = YES;
				GCC_WARN_ABOUT_MISSING_PROTOTYPES = YES;
				GCC_WARN_ABOUT_RETURN_TYPE = YES;
				GCC_WARN_UNUSED_VARIABLE = YES;
				MACOSX_DEPLOYMENT_TARGET = 10.7;
				ONLY_ACTIVE_ARCH = YES;
				SDKROOT = macosx;
			};
			name = Debug;
		};
		21F561781418C90E005A9D01 /* Release */ = {
			isa = XCBuildConfiguration;
			buildSettings = {
				ALWAYS_SEARCH_USER_PATHS = NO;
				ARCHS = "$(ARCHS_STANDARD_64_BIT)";
				COPY_PHASE_STRIP = YES;
				DEBUG_INFORMATION_FORMAT = "dwarf-with-dsym";
				GCC_C_LANGUAGE_STANDARD = gnu99;
				GCC_ENABLE_OBJC_EXCEPTIONS = YES;
				GCC_VERSION = com.apple.compilers.llvm.clang.1_0;
				GCC_WARN_64_TO_32_BIT_CONVERSION = YES;
				GCC_WARN_ABOUT_MISSING_PROTOTYPES = YES;
				GCC_WARN_ABOUT_RETURN_TYPE = YES;
				GCC_WARN_UNUSED_VARIABLE = YES;
				MACOSX_DEPLOYMENT_TARGET = 10.7;
				SDKROOT = macosx;
			};
			name = Release;
		};
		21F5617A1418C90E005A9D01 /* Debug */ = {
			isa = XCBuildConfiguration;
			buildSettings = {
				DYLIB_COMPATIBILITY_VERSION = 1;
				DYLIB_CURRENT_VERSION = 1;
				GCC_PRECOMPILE_PREFIX_HEADER = YES;
				GCC_PREFIX_HEADER = "CMS/CMS-Prefix.pch";
				PRODUCT_NAME = "$(TARGET_NAME)";
			};
			name = Debug;
		};
		21F5617B1418C90E005A9D01 /* Release */ = {
			isa = XCBuildConfiguration;
			buildSettings = {
				DYLIB_COMPATIBILITY_VERSION = 1;
				DYLIB_CURRENT_VERSION = 1;
				GCC_PRECOMPILE_PREFIX_HEADER = YES;
				GCC_PREFIX_HEADER = "CMS/CMS-Prefix.pch";
				PRODUCT_NAME = "$(TARGET_NAME)";
			};
			name = Release;
		};
		21F5617D1418C90E005A9D01 /* Debug */ = {
			isa = XCBuildConfiguration;
			buildSettings = {
				FRAMEWORK_SEARCH_PATHS = "$(DEVELOPER_LIBRARY_DIR)/Frameworks";
				GCC_PRECOMPILE_PREFIX_HEADER = YES;
				GCC_PREFIX_HEADER = "CMS/CMS-Prefix.pch";
				INFOPLIST_FILE = "CMSTests/CMSTests-Info.plist";
				PRODUCT_NAME = "$(TARGET_NAME)";
				WRAPPER_EXTENSION = octest;
			};
			name = Debug;
		};
		21F5617E1418C90E005A9D01 /* Release */ = {
			isa = XCBuildConfiguration;
			buildSettings = {
				FRAMEWORK_SEARCH_PATHS = "$(DEVELOPER_LIBRARY_DIR)/Frameworks";
				GCC_PRECOMPILE_PREFIX_HEADER = YES;
				GCC_PREFIX_HEADER = "CMS/CMS-Prefix.pch";
				INFOPLIST_FILE = "CMSTests/CMSTests-Info.plist";
				PRODUCT_NAME = "$(TARGET_NAME)";
				WRAPPER_EXTENSION = octest;
			};
			name = Release;
		};
/* End XCBuildConfiguration section */

/* Begin XCConfigurationList section */
		21F5614C1418C90E005A9D01 /* Build configuration list for PBXProject "CMS" */ = {
			isa = XCConfigurationList;
			buildConfigurations = (
				21F561771418C90E005A9D01 /* Debug */,
				21F561781418C90E005A9D01 /* Release */,
			);
			defaultConfigurationIsVisible = 0;
			defaultConfigurationName = Release;
		};
		21F561791418C90E005A9D01 /* Build configuration list for PBXNativeTarget "CMS" */ = {
			isa = XCConfigurationList;
			buildConfigurations = (
				21F5617A1418C90E005A9D01 /* Debug */,
				21F5617B1418C90E005A9D01 /* Release */,
			);
			defaultConfigurationIsVisible = 0;
		};
		21F5617C1418C90E005A9D01 /* Build configuration list for PBXNativeTarget "CMSTests" */ = {
			isa = XCConfigurationList;
			buildConfigurations = (
				21F5617D1418C90E005A9D01 /* Debug */,
				21F5617E1418C90E005A9D01 /* Release */,
			);
			defaultConfigurationIsVisible = 0;
		};
/* End XCConfigurationList section */
	};
	rootObject = 21F561491418C90E005A9D01 /* Project object */;
}
